// !$*UTF8*$!
{
	archiveVersion = 1;
	classes = {
	};
	objectVersion = 46;
	objects = {

/* Begin PBXBuildFile section */
		B7033C781EB75125009E639F /* AppDelegate.swift in Sources */ = {isa = PBXBuildFile; fileRef = B7033C771EB75125009E639F /* AppDelegate.swift */; };
		B7033C7D1EB75125009E639F /* Main.storyboard in Resources */ = {isa = PBXBuildFile; fileRef = B7033C7B1EB75125009E639F /* Main.storyboard */; };
		B7033C7F1EB75125009E639F /* Assets.xcassets in Resources */ = {isa = PBXBuildFile; fileRef = B7033C7E1EB75125009E639F /* Assets.xcassets */; };
		B7033C821EB75125009E639F /* LaunchScreen.storyboard in Resources */ = {isa = PBXBuildFile; fileRef = B7033C801EB75125009E639F /* LaunchScreen.storyboard */; };
		B7033C8B1EB75805009E639F /* ImageViewController.swift in Sources */ = {isa = PBXBuildFile; fileRef = B7033C8A1EB75805009E639F /* ImageViewController.swift */; };
		B7033C8D1EB75A96009E639F /* DemoURL.swift in Sources */ = {isa = PBXBuildFile; fileRef = B7033C8C1EB75A96009E639F /* DemoURL.swift */; };
		B782D4FE1EB769E10098AF1F /* CassiniViewController.swift in Sources */ = {isa = PBXBuildFile; fileRef = B782D4FD1EB769E10098AF1F /* CassiniViewController.swift */; };
/* End PBXBuildFile section */

/* Begin PBXFileReference section */
		B7033C741EB75125009E639F /* Cassini.app */ = {isa = PBXFileReference; explicitFileType = wrapper.application; includeInIndex = 0; path = Cassini.app; sourceTree = BUILT_PRODUCTS_DIR; };
		B7033C771EB75125009E639F /* AppDelegate.swift */ = {isa = PBXFileReference; lastKnownFileType = sourcecode.swift; path = AppDelegate.swift; sourceTree = "<group>"; };
		B7033C7C1EB75125009E639F /* Base */ = {isa = PBXFileReference; lastKnownFileType = file.storyboard; name = Base; path = Base.lproj/Main.storyboard; sourceTree = "<group>"; };
		B7033C7E1EB75125009E639F /* Assets.xcassets */ = {isa = PBXFileReference; lastKnownFileType = folder.assetcatalog; path = Assets.xcassets; sourceTree = "<group>"; };
		B7033C811EB75125009E639F /* Base */ = {isa = PBXFileReference; lastKnownFileType = file.storyboard; name = Base; path = Base.lproj/LaunchScreen.storyboard; sourceTree = "<group>"; };
		B7033C831EB75125009E639F /* Info.plist */ = {isa = PBXFileReference; lastKnownFileType = text.plist.xml; path = Info.plist; sourceTree = "<group>"; };
		B7033C8A1EB75805009E639F /* ImageViewController.swift */ = {isa = PBXFileReference; fileEncoding = 4; lastKnownFileType = sourcecode.swift; path = ImageViewController.swift; sourceTree = "<group>"; };
		B7033C8C1EB75A96009E639F /* DemoURL.swift */ = {isa = PBXFileReference; fileEncoding = 4; lastKnownFileType = sourcecode.swift; path = DemoURL.swift; sourceTree = "<group>"; };
		B782D4FD1EB769E10098AF1F /* CassiniViewController.swift */ = {isa = PBXFileReference; fileEncoding = 4; lastKnownFileType = sourcecode.swift; path = CassiniViewController.swift; sourceTree = "<group>"; };
/* End PBXFileReference section */

/* Begin PBXFrameworksBuildPhase section */
		B7033C711EB75125009E639F /* Frameworks */ = {
			isa = PBXFrameworksBuildPhase;
			buildActionMask = 2147483647;
			files = (
			);
			runOnlyForDeploymentPostprocessing = 0;
		};
/* End PBXFrameworksBuildPhase section */

/* Begin PBXGroup section */
		B7033C6B1EB75125009E639F = {
			isa = PBXGroup;
			children = (
				B7033C761EB75125009E639F /* Cassini */,
				B7033C751EB75125009E639F /* Products */,
			);
			sourceTree = "<group>";
		};
		B7033C751EB75125009E639F /* Products */ = {
			isa = PBXGroup;
			children = (
				B7033C741EB75125009E639F /* Cassini.app */,
			);
			name = Products;
			sourceTree = "<group>";
		};
		B7033C761EB75125009E639F /* Cassini */ = {
			isa = PBXGroup;
			children = (
				B7033C8A1EB75805009E639F /* ImageViewController.swift */,
				B7033C7B1EB75125009E639F /* Main.storyboard */,
				B782D4FD1EB769E10098AF1F /* CassiniViewController.swift */,
				B7033C8C1EB75A96009E639F /* DemoURL.swift */,
				B7033C831EB75125009E639F /* Info.plist */,
				B7033C891EB751CB009E639F /* Supporting Files */,
			);
			path = Cassini;
			sourceTree = "<group>";
		};
		B7033C891EB751CB009E639F /* Supporting Files */ = {
			isa = PBXGroup;
			children = (
				B7033C771EB75125009E639F /* AppDelegate.swift */,
				B7033C7E1EB75125009E639F /* Assets.xcassets */,
				B7033C801EB75125009E639F /* LaunchScreen.storyboard */,
			);
			name = "Supporting Files";
			sourceTree = "<group>";
		};
/* End PBXGroup section */

/* Begin PBXNativeTarget section */
		B7033C731EB75125009E639F /* Cassini */ = {
			isa = PBXNativeTarget;
			buildConfigurationList = B7033C861EB75125009E639F /* Build configuration list for PBXNativeTarget "Cassini" */;
			buildPhases = (
				B7033C701EB75125009E639F /* Sources */,
				B7033C711EB75125009E639F /* Frameworks */,
				B7033C721EB75125009E639F /* Resources */,
			);
			buildRules = (
			);
			dependencies = (
			);
			name = Cassini;
			productName = Cassini;
			productReference = B7033C741EB75125009E639F /* Cassini.app */;
			productType = "com.apple.product-type.application";
		};
/* End PBXNativeTarget section */

/* Begin PBXProject section */
		B7033C6C1EB75125009E639F /* Project object */ = {
			isa = PBXProject;
			attributes = {
				LastSwiftUpdateCheck = 0830;
				LastUpgradeCheck = 0830;
				ORGANIZATIONNAME = "Raymond Pau";
				TargetAttributes = {
					B7033C731EB75125009E639F = {
						CreatedOnToolsVersion = 8.3.2;
						DevelopmentTeam = AHRQHZD758;
						ProvisioningStyle = Automatic;
					};
				};
			};
			buildConfigurationList = B7033C6F1EB75125009E639F /* Build configuration list for PBXProject "Cassini" */;
			compatibilityVersion = "Xcode 3.2";
			developmentRegion = English;
			hasScannedForEncodings = 0;
			knownRegions = (
				en,
				Base,
			);
			mainGroup = B7033C6B1EB75125009E639F;
			productRefGroup = B7033C751EB75125009E639F /* Products */;
			projectDirPath = "";
			projectRoot = "";
			targets = (
				B7033C731EB75125009E639F /* Cassini */,
			);
		};
/* End PBXProject section */

/* Begin PBXResourcesBuildPhase section */
		B7033C721EB75125009E639F /* Resources */ = {
			isa = PBXResourcesBuildPhase;
			buildActionMask = 2147483647;
			files = (
				B7033C821EB75125009E639F /* LaunchScreen.storyboard in Resources */,
				B7033C7F1EB75125009E639F /* Assets.xcassets in Resources */,
				B7033C7D1EB75125009E639F /* Main.storyboard in Resources */,
			);
			runOnlyForDeploymentPostprocessing = 0;
		};
/* End PBXResourcesBuildPhase section */

/* Begin PBXSourcesBuildPhase section */
		B7033C701EB75125009E639F /* Sources */ = {
			isa = PBXSourcesBuildPhase;
			buildActionMask = 2147483647;
			files = (
				B7033C8B1EB75805009E639F /* ImageViewController.swift in Sources */,
				B7033C781EB75125009E639F /* AppDelegate.swift in Sources */,
				B7033C8D1EB75A96009E639F /* DemoURL.swift in Sources */,
				B782D4FE1EB769E10098AF1F /* CassiniViewController.swift in Sources */,
			);
			runOnlyForDeploymentPostprocessing = 0;
		};
/* End PBXSourcesBuildPhase section */

/* Begin PBXVariantGroup section */
		B7033C7B1EB75125009E639F /* Main.storyboard */ = {
			isa = PBXVariantGroup;
			children = (
				B7033C7C1EB75125009E639F /* Base */,
			);
			name = Main.storyboard;
			sourceTree = "<group>";
		};
		B7033C801EB75125009E639F /* LaunchScreen.storyboard */ = {
			isa = PBXVariantGroup;
			children = (
				B7033C811EB75125009E639F /* Base */,
			);
			name = LaunchScreen.storyboard;
			sourceTree = "<group>";
		};
/* End PBXVariantGroup section */

/* Begin XCBuildConfiguration section */
		B7033C841EB75125009E639F /* Debug */ = {
			isa = XCBuildConfiguration;
			buildSettings = {
				ALWAYS_SEARCH_USER_PATHS = NO;
				CLANG_ANALYZER_NONNULL = YES;
				CLANG_ANALYZER_NUMBER_OBJECT_CONVERSION = YES_AGGRESSIVE;
				CLANG_CXX_LANGUAGE_STANDARD = "gnu++0x";
				CLANG_CXX_LIBRARY = "libc++";
				CLANG_ENABLE_MODULES = YES;
				CLANG_ENABLE_OBJC_ARC = YES;
				CLANG_WARN_BOOL_CONVERSION = YES;
				CLANG_WARN_CONSTANT_CONVERSION = YES;
				CLANG_WARN_DIRECT_OBJC_ISA_USAGE = YES_ERROR;
				CLANG_WARN_DOCUMENTATION_COMMENTS = YES;
				CLANG_WARN_EMPTY_BODY = YES;
				CLANG_WARN_ENUM_CONVERSION = YES;
				CLANG_WARN_INFINITE_RECURSION = YES;
				CLANG_WARN_INT_CONVERSION = YES;
				CLANG_WARN_OBJC_ROOT_CLASS = YES_ERROR;
				CLANG_WARN_SUSPICIOUS_MOVE = YES;
				CLANG_WARN_UNREACHABLE_CODE = YES;
				CLANG_WARN__DUPLICATE_METHOD_MATCH = YES;
				"CODE_SIGN_IDENTITY[sdk=iphoneos*]" = "iPhone Developer";
				COPY_PHASE_STRIP = NO;
				DEBUG_INFORMATION_FORMAT = dwarf;
				ENABLE_STRICT_OBJC_MSGSEND = YES;
				ENABLE_TESTABILITY = YES;
				GCC_C_LANGUAGE_STANDARD = gnu99;
				GCC_DYNAMIC_NO_PIC = NO;
				GCC_NO_COMMON_BLOCKS = YES;
				GCC_OPTIMIZATION_LEVEL = 0;
				GCC_PREPROCESSOR_DEFINITIONS = (
					"DEBUG=1",
					"$(inherited)",
				);
				GCC_WARN_64_TO_32_BIT_CONVERSION = YES;
				GCC_WARN_ABOUT_RETURN_TYPE = YES_ERROR;
				GCC_WARN_UNDECLARED_SELECTOR = YES;
				GCC_WARN_UNINITIALIZED_AUTOS = YES_AGGRESSIVE;
				GCC_WARN_UNUSED_FUNCTION = YES;
				GCC_WARN_UNUSED_VARIABLE = YES;
				IPHONEOS_DEPLOYMENT_TARGET = 10.3;
				MTL_ENABLE_DEBUG_INFO = YES;
				ONLY_ACTIVE_ARCH = YES;
				SDKROOT = iphoneos;
				SWIFT_ACTIVE_COMPILATION_CONDITIONS = DEBUG;
				SWIFT_OPTIMIZATION_LEVEL = "-Onone";
				TARGETED_DEVICE_FAMILY = "1,2";
			};
			name = Debug;
		};
		B7033C851EB75125009E639F /* Release */ = {
			isa = XCBuildConfiguration;
			buildSettings = {
				ALWAYS_SEARCH_USER_PATHS = NO;
				CLANG_ANALYZER_NONNULL = YES;
				CLANG_ANALYZER_NUMBER_OBJECT_CONVERSION = YES_AGGRESSIVE;
				CLANG_CXX_LANGUAGE_STANDARD = "gnu++0x";
				CLANG_CXX_LIBRARY = "libc++";
				CLANG_ENABLE_MODULES = YES;
				CLANG_ENABLE_OBJC_ARC = YES;
				CLANG_WARN_BOOL_CONVERSION = YES;
				CLANG_WARN_CONSTANT_CONVERSION = YES;
				CLANG_WARN_DIRECT_OBJC_ISA_USAGE = YES_ERROR;
				CLANG_WARN_DOCUMENTATION_COMMENTS = YES;
				CLANG_WARN_EMPTY_BODY = YES;
				CLANG_WARN_ENUM_CONVERSION = YES;
				CLANG_WARN_INFINITE_RECURSION = YES;
				CLANG_WARN_INT_CONVERSION = YES;
				CLANG_WARN_OBJC_ROOT_CLASS = YES_ERROR;
				CLANG_WARN_SUSPICIOUS_MOVE = YES;
				CLANG_WARN_UNREACHABLE_CODE = YES;
				CLANG_WARN__DUPLICATE_METHOD_MATCH = YES;
				"CODE_SIGN_IDENTITY[sdk=iphoneos*]" = "iPhone Developer";
				COPY_PHASE_STRIP = NO;
				DEBUG_INFORMATION_FORMAT = "dwarf-with-dsym";
				ENABLE_NS_ASSERTIONS = NO;
				ENABLE_STRICT_OBJC_MSGSEND = YES;
				GCC_C_LANGUAGE_STANDARD = gnu99;
				GCC_NO_COMMON_BLOCKS = YES;
				GCC_WARN_64_TO_32_BIT_CONVERSION = YES;
				GCC_WARN_ABOUT_RETURN_TYPE = YES_ERROR;
				GCC_WARN_UNDECLARED_SELECTOR = YES;
				GCC_WARN_UNINITIALIZED_AUTOS = YES_AGGRESSIVE;
				GCC_WARN_UNUSED_FUNCTION = YES;
				GCC_WARN_UNUSED_VARIABLE = YES;
				IPHONEOS_DEPLOYMENT_TARGET = 10.3;
				MTL_ENABLE_DEBUG_INFO = NO;
				SDKROOT = iphoneos;
				SWIFT_OPTIMIZATION_LEVEL = "-Owholemodule";
				TARGETED_DEVICE_FAMILY = "1,2";
				VALIDATE_PRODUCT = YES;
			};
			name = Release;
		};
		B7033C871EB75125009E639F /* Debug */ = {
			isa = XCBuildConfiguration;
			buildSettings = {
				ASSETCATALOG_COMPILER_APPICON_NAME = AppIcon;
				DEVELOPMENT_TEAM = AHRQHZD758;
				INFOPLIST_FILE = Cassini/Info.plist;
				LD_RUNPATH_SEARCH_PATHS = "$(inherited) @executable_path/Frameworks";
				PRODUCT_BUNDLE_IDENTIFIER = sg.raymondpau.Cassini;
				PRODUCT_NAME = "$(TARGET_NAME)";
				SWIFT_VERSION = 3.0;
			};
			name = Debug;
		};
		B7033C881EB75125009E639F /* Release */ = {
			isa = XCBuildConfiguration;
			buildSettings = {
				ASSETCATALOG_COMPILER_APPICON_NAME = AppIcon;
				DEVELOPMENT_TEAM = AHRQHZD758;
				INFOPLIST_FILE = Cassini/Info.plist;
				LD_RUNPATH_SEARCH_PATHS = "$(inherited) @executable_path/Frameworks";
				PRODUCT_BUNDLE_IDENTIFIER = sg.raymondpau.Cassini;
				PRODUCT_NAME = "$(TARGET_NAME)";
				SWIFT_VERSION = 3.0;
			};
			name = Release;
		};
/* End XCBuildConfiguration section */

/* Begin XCConfigurationList section */
		B7033C6F1EB75125009E639F /* Build configuration list for PBXProject "Cassini" */ = {
			isa = XCConfigurationList;
			buildConfigurations = (
				B7033C841EB75125009E639F /* Debug */,
				B7033C851EB75125009E639F /* Release */,
			);
			defaultConfigurationIsVisible = 0;
			defaultConfigurationName = Release;
		};
		B7033C861EB75125009E639F /* Build configuration list for PBXNativeTarget "Cassini" */ = {
			isa = XCConfigurationList;
			buildConfigurations = (
				B7033C871EB75125009E639F /* Debug */,
				B7033C881EB75125009E639F /* Release */,
			);
			defaultConfigurationIsVisible = 0;
			defaultConfigurationName = Release;
		};
/* End XCConfigurationList section */
	};
	rootObject = B7033C6C1EB75125009E639F /* Project object */;
}
